
Microsoft Visual Studio Solution File, Format Version 12.00
# Visual Studio 15
VisualStudioVersion = 15.0.28010.2050
MinimumVisualStudioVersion = 10.0.40219.1
Project("{FAE04EC0-301F-11D3-BF4B-00C04F79EFBC}") = "House", "House\House.csproj", "{D289D8B1-084E-4831-AC4B-E43C82552BED}"
EndProject
Global
	GlobalSection(SolutionConfigurationPlatforms) = preSolution
		Debug|Any CPU = Debug|Any CPU
		Release|Any CPU = Release|Any CPU
	EndGlobalSection
	GlobalSection(ProjectConfigurationPlatforms) = postSolution
		{D289D8B1-084E-4831-AC4B-E43C82552BED}.Debug|Any CPU.ActiveCfg = Debug|Any CPU
		{D289D8B1-084E-4831-AC4B-E43C82552BED}.Debug|Any CPU.Build.0 = Debug|Any CPU
		{D289D8B1-084E-4831-AC4B-E43C82552BED}.Release|Any CPU.ActiveCfg = Release|Any CPU
		{D289D8B1-084E-4831-AC4B-E43C82552BED}.Release|Any CPU.Build.0 = Release|Any CPU
	EndGlobalSection
	GlobalSection(SolutionProperties) = preSolution
		HideSolutionNode = FALSE
	EndGlobalSection
	GlobalSection(ExtensibilityGlobals) = postSolution
		SolutionGuid = {20E2CDBC-05D8-40F6-9958-CFFA13D3ED97}
	EndGlobalSection
EndGlobal
